
Microsoft Visual Studio Solution File, Format Version 12.00
# Visual Studio Version 17
VisualStudioVersion = 17.6.33815.320
MinimumVisualStudioVersion = 10.0.40219.1
Project("{FAE04EC0-301F-11D3-BF4B-00C04F79EFBC}") = "WpfApp1", "WpfApp1\WpfApp1.csproj", "{64FF8651-25F9-4E8F-B8C3-7E392D680A30}"
EndProject
Global
	GlobalSection(SolutionConfigurationPlatforms) = preSolution
		Debug|Any CPU = Debug|Any CPU
		Release|Any CPU = Release|Any CPU
	EndGlobalSection
	GlobalSection(ProjectConfigurationPlatforms) = postSolution
		{64FF8651-25F9-4E8F-B8C3-7E392D680A30}.Debug|Any CPU.ActiveCfg = Debug|Any CPU
		{64FF8651-25F9-4E8F-B8C3-7E392D680A30}.Debug|Any CPU.Build.0 = Debug|Any CPU
		{64FF8651-25F9-4E8F-B8C3-7E392D680A30}.Release|Any CPU.ActiveCfg = Release|Any CPU
		{64FF8651-25F9-4E8F-B8C3-7E392D680A30}.Release|Any CPU.Build.0 = Release|Any CPU
	EndGlobalSection
	GlobalSection(SolutionProperties) = preSolution
		HideSolutionNode = FALSE
	EndGlobalSection
	GlobalSection(ExtensibilityGlobals) = postSolution
		SolutionGuid = {3D7D15C5-D921-4E8F-86F6-900ECA39F0FB}
	EndGlobalSection
EndGlobal
